
Microsoft Visual Studio Solution File, Format Version 12.00
# Visual Studio Version 16
VisualStudioVersion = 16.0.30114.105
MinimumVisualStudioVersion = 10.0.40219.1
Project("{FAE04EC0-301F-11D3-BF4B-00C04F79EFBC}") = "Ohce", "Ohce\Ohce.csproj", "{C2826E68-DCE3-41FE-B502-E9D0EFA5DB15}"
EndProject
Project("{FAE04EC0-301F-11D3-BF4B-00C04F79EFBC}") = "Ohce.Tests", "Ohce.Tests\Ohce.Tests.csproj", "{872E8F6A-6255-495C-B0E2-07C15D5A394A}"
EndProject
Global
	GlobalSection(SolutionConfigurationPlatforms) = preSolution
		Debug|Any CPU = Debug|Any CPU
		Debug|x64 = Debug|x64
		Debug|x86 = Debug|x86
		Release|Any CPU = Release|Any CPU
		Release|x64 = Release|x64
		Release|x86 = Release|x86
	EndGlobalSection
	GlobalSection(SolutionProperties) = preSolution
		HideSolutionNode = FALSE
	EndGlobalSection
	GlobalSection(ProjectConfigurationPlatforms) = postSolution
		{C2826E68-DCE3-41FE-B502-E9D0EFA5DB15}.Debug|Any CPU.ActiveCfg = Debug|Any CPU
		{C2826E68-DCE3-41FE-B502-E9D0EFA5DB15}.Debug|Any CPU.Build.0 = Debug|Any CPU
		{C2826E68-DCE3-41FE-B502-E9D0EFA5DB15}.Debug|x64.ActiveCfg = Debug|Any CPU
		{C2826E68-DCE3-41FE-B502-E9D0EFA5DB15}.Debug|x64.Build.0 = Debug|Any CPU
		{C2826E68-DCE3-41FE-B502-E9D0EFA5DB15}.Debug|x86.ActiveCfg = Debug|Any CPU
		{C2826E68-DCE3-41FE-B502-E9D0EFA5DB15}.Debug|x86.Build.0 = Debug|Any CPU
		{C2826E68-DCE3-41FE-B502-E9D0EFA5DB15}.Release|Any CPU.ActiveCfg = Release|Any CPU
		{C2826E68-DCE3-41FE-B502-E9D0EFA5DB15}.Release|Any CPU.Build.0 = Release|Any CPU
		{C2826E68-DCE3-41FE-B502-E9D0EFA5DB15}.Release|x64.ActiveCfg = Release|Any CPU
		{C2826E68-DCE3-41FE-B502-E9D0EFA5DB15}.Release|x64.Build.0 = Release|Any CPU
		{C2826E68-DCE3-41FE-B502-E9D0EFA5DB15}.Release|x86.ActiveCfg = Release|Any CPU
		{C2826E68-DCE3-41FE-B502-E9D0EFA5DB15}.Release|x86.Build.0 = Release|Any CPU
		{872E8F6A-6255-495C-B0E2-07C15D5A394A}.Debug|Any CPU.ActiveCfg = Debug|Any CPU
		{872E8F6A-6255-495C-B0E2-07C15D5A394A}.Debug|Any CPU.Build.0 = Debug|Any CPU
		{872E8F6A-6255-495C-B0E2-07C15D5A394A}.Debug|x64.ActiveCfg = Debug|Any CPU
		{872E8F6A-6255-495C-B0E2-07C15D5A394A}.Debug|x64.Build.0 = Debug|Any CPU
		{872E8F6A-6255-495C-B0E2-07C15D5A394A}.Debug|x86.ActiveCfg = Debug|Any CPU
		{872E8F6A-6255-495C-B0E2-07C15D5A394A}.Debug|x86.Build.0 = Debug|Any CPU
		{872E8F6A-6255-495C-B0E2-07C15D5A394A}.Release|Any CPU.ActiveCfg = Release|Any CPU
		{872E8F6A-6255-495C-B0E2-07C15D5A394A}.Release|Any CPU.Build.0 = Release|Any CPU
		{872E8F6A-6255-495C-B0E2-07C15D5A394A}.Release|x64.ActiveCfg = Release|Any CPU
		{872E8F6A-6255-495C-B0E2-07C15D5A394A}.Release|x64.Build.0 = Release|Any CPU
		{872E8F6A-6255-495C-B0E2-07C15D5A394A}.Release|x86.ActiveCfg = Release|Any CPU
		{872E8F6A-6255-495C-B0E2-07C15D5A394A}.Release|x86.Build.0 = Release|Any CPU
	EndGlobalSection
EndGlobal
